
Microsoft Visual Studio Solution File, Format Version 12.00
# Visual Studio 14
VisualStudioVersion = 14.0.25420.1
MinimumVisualStudioVersion = 10.0.40219.1
Project("{FAE04EC0-301F-11D3-BF4B-00C04F79EFBC}") = "Ch16Smp1 - Infinity Factorial", "Ch16Smp1 - Infinity Factorial\Ch16Smp1 - Infinity Factorial.csproj", "{7FB83B34-DD33-4110-AB66-66DB5B3C7F9C}"
EndProject
Global
	GlobalSection(SolutionConfigurationPlatforms) = preSolution
		Debug|Any CPU = Debug|Any CPU
		Release|Any CPU = Release|Any CPU
	EndGlobalSection
	GlobalSection(ProjectConfigurationPlatforms) = postSolution
		{7FB83B34-DD33-4110-AB66-66DB5B3C7F9C}.Debug|Any CPU.ActiveCfg = Debug|Any CPU
		{7FB83B34-DD33-4110-AB66-66DB5B3C7F9C}.Debug|Any CPU.Build.0 = Debug|Any CPU
		{7FB83B34-DD33-4110-AB66-66DB5B3C7F9C}.Release|Any CPU.ActiveCfg = Release|Any CPU
		{7FB83B34-DD33-4110-AB66-66DB5B3C7F9C}.Release|Any CPU.Build.0 = Release|Any CPU
	EndGlobalSection
	GlobalSection(SolutionProperties) = preSolution
		HideSolutionNode = FALSE
	EndGlobalSection
EndGlobal
